{
  "name": "chat-app",
  "lockfileVersion": 3,
  "requires": true,
  "packages": {
    "": {
      "devDependencies": {
        "playwright-chromium": "^1.37.0"
      }
    },
    "node_modules/playwright-chromium": {
      "version": "1.37.0",
      "resolved": "https://registry.npmjs.org/playwright-chromium/-/playwright-chromium-1.37.0.tgz",
      "integrity": "sha512-56DOca+pGZombnX34ZwO1fI7HLgv3IgzqzNT1kmYAJ82JytqmXFz/umA7WkkONn9cN3WRPswqrqvD+3pq46rdg==",
      "dev": true,
      "hasInstallScript": true,
      "license": "Apache-2.0",
      "dependencies": {
        "playwright-core": "1.37.0"
      },
      "bin": {
        "playwright": "cli.js"
      },
      "engines": {
        "node": ">=16"
      }
    },
    "node_modules/playwright-core": {
      "version": "1.37.0",
      "resolved": "https://registry.npmjs.org/playwright-core/-/playwright-core-1.37.0.tgz",
      "integrity": "sha512-1c46jhTH/myQw6sesrcuHVtLoSNfJv8Pfy9t3rs6subY7kARv0HRw5PpyfPYPpPtQvBOmgbE6K+qgYUpj81LAA==",
      "dev": true,
      "license": "Apache-2.0",
      "bin": {
        "playwright-core": "cli.js"
      },
      "engines": {
        "node": ">=16"
      }
    }
  }
}
